
Microsoft Visual Studio Solution File, Format Version 12.00
# Visual Studio Version 17
VisualStudioVersion = 17.8.34322.80
MinimumVisualStudioVersion = 10.0.40219.1
Project("{FAE04EC0-301F-11D3-BF4B-00C04F79EFBC}") = "CapGemini_Assignment", "CapGemini_Assignment.csproj", "{7A042CD4-C062-439A-8613-9ED0101C1021}"
EndProject
Project("{2150E333-8FDC-42A3-9474-1A3956D46DE8}") = "Solution Items", "Solution Items", "{B11ECD91-E559-4928-A4F2-D037BDBECF5B}"
	ProjectSection(SolutionItems) = preProject
		.editorconfig = .editorconfig
	EndProjectSection
EndProject
Global
	GlobalSection(SolutionConfigurationPlatforms) = preSolution
		Debug|Any CPU = Debug|Any CPU
		Release|Any CPU = Release|Any CPU
	EndGlobalSection
	GlobalSection(ProjectConfigurationPlatforms) = postSolution
		{7A042CD4-C062-439A-8613-9ED0101C1021}.Debug|Any CPU.ActiveCfg = Debug|Any CPU
		{7A042CD4-C062-439A-8613-9ED0101C1021}.Debug|Any CPU.Build.0 = Debug|Any CPU
		{7A042CD4-C062-439A-8613-9ED0101C1021}.Release|Any CPU.ActiveCfg = Release|Any CPU
		{7A042CD4-C062-439A-8613-9ED0101C1021}.Release|Any CPU.Build.0 = Release|Any CPU
	EndGlobalSection
	GlobalSection(SolutionProperties) = preSolution
		HideSolutionNode = FALSE
	EndGlobalSection
	GlobalSection(ExtensibilityGlobals) = postSolution
		SolutionGuid = {D3D0C05E-D2C0-4D06-8943-E1334291BFD5}
	EndGlobalSection
EndGlobal
